
Microsoft Visual Studio Solution File, Format Version 11.00
# Visual C# Express 2010
Project("{FAE04EC0-301F-11D3-BF4B-00C04F79EFBC}") = "GTL", "GTL.csproj", "{23CDF146-F4EB-4980-AA35-DF59D2C4BD24}"
EndProject
Project("{FAE04EC0-301F-11D3-BF4B-00C04F79EFBC}") = "GTTest", "..\GTTest\GTTest.csproj", "{24C8C1AF-35FF-4AEC-9E9C-6362D8B81BA8}"
EndProject
Global
	GlobalSection(SolutionConfigurationPlatforms) = preSolution
		Debug|Any CPU = Debug|Any CPU
		Debug|Mixed Platforms = Debug|Mixed Platforms
		Debug|x86 = Debug|x86
		Release|Any CPU = Release|Any CPU
		Release|Mixed Platforms = Release|Mixed Platforms
		Release|x86 = Release|x86
	EndGlobalSection
	GlobalSection(ProjectConfigurationPlatforms) = postSolution
		{23CDF146-F4EB-4980-AA35-DF59D2C4BD24}.Debug|Any CPU.ActiveCfg = Debug|Any CPU
		{23CDF146-F4EB-4980-AA35-DF59D2C4BD24}.Debug|Any CPU.Build.0 = Debug|Any CPU
		{23CDF146-F4EB-4980-AA35-DF59D2C4BD24}.Debug|Mixed Platforms.ActiveCfg = Debug|Any CPU
		{23CDF146-F4EB-4980-AA35-DF59D2C4BD24}.Debug|Mixed Platforms.Build.0 = Debug|Any CPU
		{23CDF146-F4EB-4980-AA35-DF59D2C4BD24}.Debug|x86.ActiveCfg = Debug|Any CPU
		{23CDF146-F4EB-4980-AA35-DF59D2C4BD24}.Release|Any CPU.ActiveCfg = Release|Any CPU
		{23CDF146-F4EB-4980-AA35-DF59D2C4BD24}.Release|Any CPU.Build.0 = Release|Any CPU
		{23CDF146-F4EB-4980-AA35-DF59D2C4BD24}.Release|Mixed Platforms.ActiveCfg = Release|Any CPU
		{23CDF146-F4EB-4980-AA35-DF59D2C4BD24}.Release|Mixed Platforms.Build.0 = Release|Any CPU
		{23CDF146-F4EB-4980-AA35-DF59D2C4BD24}.Release|x86.ActiveCfg = Release|Any CPU
		{24C8C1AF-35FF-4AEC-9E9C-6362D8B81BA8}.Debug|Any CPU.ActiveCfg = Debug|x86
		{24C8C1AF-35FF-4AEC-9E9C-6362D8B81BA8}.Debug|Mixed Platforms.ActiveCfg = Debug|x86
		{24C8C1AF-35FF-4AEC-9E9C-6362D8B81BA8}.Debug|Mixed Platforms.Build.0 = Debug|x86
		{24C8C1AF-35FF-4AEC-9E9C-6362D8B81BA8}.Debug|x86.ActiveCfg = Debug|x86
		{24C8C1AF-35FF-4AEC-9E9C-6362D8B81BA8}.Debug|x86.Build.0 = Debug|x86
		{24C8C1AF-35FF-4AEC-9E9C-6362D8B81BA8}.Release|Any CPU.ActiveCfg = Release|x86
		{24C8C1AF-35FF-4AEC-9E9C-6362D8B81BA8}.Release|Mixed Platforms.ActiveCfg = Release|x86
		{24C8C1AF-35FF-4AEC-9E9C-6362D8B81BA8}.Release|Mixed Platforms.Build.0 = Release|x86
		{24C8C1AF-35FF-4AEC-9E9C-6362D8B81BA8}.Release|x86.ActiveCfg = Release|x86
		{24C8C1AF-35FF-4AEC-9E9C-6362D8B81BA8}.Release|x86.Build.0 = Release|x86
	EndGlobalSection
	GlobalSection(SolutionProperties) = preSolution
		HideSolutionNode = FALSE
	EndGlobalSection
EndGlobal
